
Microsoft Visual Studio Solution File, Format Version 12.00
# Visual Studio Version 16
VisualStudioVersion = 16.0.29920.165
MinimumVisualStudioVersion = 10.0.40219.1
Project("{8BC9CEB8-8B4A-11D0-8D11-00A0C91BC942}") = "Examen_Criptare_StrategyDP", "Examen_Criptare_StrategyDP\Examen_Criptare_StrategyDP.vcxproj", "{F6513D72-2BE9-4159-8DB0-012A3606F368}"
EndProject
Global
	GlobalSection(SolutionConfigurationPlatforms) = preSolution
		Debug|x64 = Debug|x64
		Debug|x86 = Debug|x86
		Release|x64 = Release|x64
		Release|x86 = Release|x86
	EndGlobalSection
	GlobalSection(ProjectConfigurationPlatforms) = postSolution
		{F6513D72-2BE9-4159-8DB0-012A3606F368}.Debug|x64.ActiveCfg = Debug|x64
		{F6513D72-2BE9-4159-8DB0-012A3606F368}.Debug|x64.Build.0 = Debug|x64
		{F6513D72-2BE9-4159-8DB0-012A3606F368}.Debug|x86.ActiveCfg = Debug|Win32
		{F6513D72-2BE9-4159-8DB0-012A3606F368}.Debug|x86.Build.0 = Debug|Win32
		{F6513D72-2BE9-4159-8DB0-012A3606F368}.Release|x64.ActiveCfg = Release|x64
		{F6513D72-2BE9-4159-8DB0-012A3606F368}.Release|x64.Build.0 = Release|x64
		{F6513D72-2BE9-4159-8DB0-012A3606F368}.Release|x86.ActiveCfg = Release|Win32
		{F6513D72-2BE9-4159-8DB0-012A3606F368}.Release|x86.Build.0 = Release|Win32
	EndGlobalSection
	GlobalSection(SolutionProperties) = preSolution
		HideSolutionNode = FALSE
	EndGlobalSection
	GlobalSection(ExtensibilityGlobals) = postSolution
		SolutionGuid = {933CB73D-D962-4DF0-AD9F-DF3FED1175BC}
	EndGlobalSection
EndGlobal
